
Microsoft Visual Studio Solution File, Format Version 12.00
# Visual Studio Version 16
VisualStudioVersion = 16.0.30128.74
MinimumVisualStudioVersion = 10.0.40219.1
Project("{9A19103F-16F7-4668-BE54-9A1E7A4F7556}") = "api", "..\api\api.csproj", "{09ED8C2D-1EDA-4764-B726-0C0621D3D24E}"
EndProject
Global
	GlobalSection(SolutionConfigurationPlatforms) = preSolution
		Debug|Any CPU = Debug|Any CPU
		Release|Any CPU = Release|Any CPU
	EndGlobalSection
	GlobalSection(ProjectConfigurationPlatforms) = postSolution
		{09ED8C2D-1EDA-4764-B726-0C0621D3D24E}.Debug|Any CPU.ActiveCfg = Debug|Any CPU
		{09ED8C2D-1EDA-4764-B726-0C0621D3D24E}.Debug|Any CPU.Build.0 = Debug|Any CPU
		{09ED8C2D-1EDA-4764-B726-0C0621D3D24E}.Release|Any CPU.ActiveCfg = Release|Any CPU
		{09ED8C2D-1EDA-4764-B726-0C0621D3D24E}.Release|Any CPU.Build.0 = Release|Any CPU
	EndGlobalSection
	GlobalSection(SolutionProperties) = preSolution
		HideSolutionNode = FALSE
	EndGlobalSection
	GlobalSection(ExtensibilityGlobals) = postSolution
		SolutionGuid = {FA7AED00-3752-42B8-9FD9-E46DCDEE9E70}
	EndGlobalSection
EndGlobal
